
Microsoft Visual Studio Solution File, Format Version 12.00
# Visual Studio Version 17
VisualStudioVersion = 17.1.32210.238
MinimumVisualStudioVersion = 10.0.40219.1
Project("{9A19103F-16F7-4668-BE54-9A1E7A4F7556}") = "JCsDiner", "JCsDiner\JCsDiner.csproj", "{F6B037A9-4B1E-427E-9D09-5D20A30368FF}"
EndProject
Project("{9A19103F-16F7-4668-BE54-9A1E7A4F7556}") = "RestaurantTests", "RestaurantTests\RestaurantTests.csproj", "{251E76FF-43E0-4766-980E-C6FE81D000E0}"
EndProject
Project("{9A19103F-16F7-4668-BE54-9A1E7A4F7556}") = "DinerWebApp", "DinerWebApp\DinerWebApp.csproj", "{3F500D2D-728D-4DC4-B1DD-8B81BA6F8B52}"
EndProject
Project("{2150E333-8FDC-42A3-9474-1A3956D46DE8}") = "Solution Items", "Solution Items", "{42B2472A-E0C9-4849-B138-992DB13C9BE2}"
	ProjectSection(SolutionItems) = preProject
		docker-compose.yml = docker-compose.yml
	EndProjectSection
EndProject
Project("{FAE04EC0-301F-11D3-BF4B-00C04F79EFBC}") = "DinerBlazor", "DinerBlazor\DinerBlazor.csproj", "{E9D502D4-BAEC-4373-9BAC-700758096A48}"
EndProject
Global
	GlobalSection(SolutionConfigurationPlatforms) = preSolution
		Debug|Any CPU = Debug|Any CPU
		Release|Any CPU = Release|Any CPU
	EndGlobalSection
	GlobalSection(ProjectConfigurationPlatforms) = postSolution
		{F6B037A9-4B1E-427E-9D09-5D20A30368FF}.Debug|Any CPU.ActiveCfg = Debug|Any CPU
		{F6B037A9-4B1E-427E-9D09-5D20A30368FF}.Debug|Any CPU.Build.0 = Debug|Any CPU
		{F6B037A9-4B1E-427E-9D09-5D20A30368FF}.Release|Any CPU.ActiveCfg = Release|Any CPU
		{F6B037A9-4B1E-427E-9D09-5D20A30368FF}.Release|Any CPU.Build.0 = Release|Any CPU
		{251E76FF-43E0-4766-980E-C6FE81D000E0}.Debug|Any CPU.ActiveCfg = Debug|Any CPU
		{251E76FF-43E0-4766-980E-C6FE81D000E0}.Debug|Any CPU.Build.0 = Debug|Any CPU
		{251E76FF-43E0-4766-980E-C6FE81D000E0}.Release|Any CPU.ActiveCfg = Release|Any CPU
		{251E76FF-43E0-4766-980E-C6FE81D000E0}.Release|Any CPU.Build.0 = Release|Any CPU
		{3F500D2D-728D-4DC4-B1DD-8B81BA6F8B52}.Debug|Any CPU.ActiveCfg = Debug|Any CPU
		{3F500D2D-728D-4DC4-B1DD-8B81BA6F8B52}.Debug|Any CPU.Build.0 = Debug|Any CPU
		{3F500D2D-728D-4DC4-B1DD-8B81BA6F8B52}.Release|Any CPU.ActiveCfg = Release|Any CPU
		{3F500D2D-728D-4DC4-B1DD-8B81BA6F8B52}.Release|Any CPU.Build.0 = Release|Any CPU
		{E9D502D4-BAEC-4373-9BAC-700758096A48}.Debug|Any CPU.ActiveCfg = Debug|Any CPU
		{E9D502D4-BAEC-4373-9BAC-700758096A48}.Debug|Any CPU.Build.0 = Debug|Any CPU
		{E9D502D4-BAEC-4373-9BAC-700758096A48}.Release|Any CPU.ActiveCfg = Release|Any CPU
		{E9D502D4-BAEC-4373-9BAC-700758096A48}.Release|Any CPU.Build.0 = Release|Any CPU
	EndGlobalSection
	GlobalSection(SolutionProperties) = preSolution
		HideSolutionNode = FALSE
	EndGlobalSection
	GlobalSection(ExtensibilityGlobals) = postSolution
		SolutionGuid = {7F00283C-57E4-4E5F-893F-F68D77A0A7A4}
	EndGlobalSection
EndGlobal
