
Microsoft Visual Studio Solution File, Format Version 12.00
# Visual Studio Version 16
VisualStudioVersion = 16.0.31402.337
MinimumVisualStudioVersion = 10.0.40219.1
Project("{FAE04EC0-301F-11D3-BF4B-00C04F79EFBC}") = "JCsDiner", "JCsDiner\JCsDiner.csproj", "{F6B037A9-4B1E-427E-9D09-5D20A30368FF}"
EndProject
Project("{FAE04EC0-301F-11D3-BF4B-00C04F79EFBC}") = "RestaurantTests", "RestaurantTests\RestaurantTests.csproj", "{251E76FF-43E0-4766-980E-C6FE81D000E0}"
EndProject
Global
	GlobalSection(SolutionConfigurationPlatforms) = preSolution
		Debug|Any CPU = Debug|Any CPU
		Release|Any CPU = Release|Any CPU
	EndGlobalSection
	GlobalSection(ProjectConfigurationPlatforms) = postSolution
		{F6B037A9-4B1E-427E-9D09-5D20A30368FF}.Debug|Any CPU.ActiveCfg = Debug|Any CPU
		{F6B037A9-4B1E-427E-9D09-5D20A30368FF}.Debug|Any CPU.Build.0 = Debug|Any CPU
		{F6B037A9-4B1E-427E-9D09-5D20A30368FF}.Release|Any CPU.ActiveCfg = Release|Any CPU
		{F6B037A9-4B1E-427E-9D09-5D20A30368FF}.Release|Any CPU.Build.0 = Release|Any CPU
		{251E76FF-43E0-4766-980E-C6FE81D000E0}.Debug|Any CPU.ActiveCfg = Debug|Any CPU
		{251E76FF-43E0-4766-980E-C6FE81D000E0}.Debug|Any CPU.Build.0 = Debug|Any CPU
		{251E76FF-43E0-4766-980E-C6FE81D000E0}.Release|Any CPU.ActiveCfg = Release|Any CPU
		{251E76FF-43E0-4766-980E-C6FE81D000E0}.Release|Any CPU.Build.0 = Release|Any CPU
	EndGlobalSection
	GlobalSection(SolutionProperties) = preSolution
		HideSolutionNode = FALSE
	EndGlobalSection
	GlobalSection(ExtensibilityGlobals) = postSolution
		SolutionGuid = {7F00283C-57E4-4E5F-893F-F68D77A0A7A4}
	EndGlobalSection
EndGlobal
